
Microsoft Visual Studio Solution File, Format Version 12.00
# Visual Studio Version 16
VisualStudioVersion = 16.0.30717.126
MinimumVisualStudioVersion = 10.0.40219.1
Project("{FAE04EC0-301F-11D3-BF4B-00C04F79EFBC}") = "LabsApp", "LabsApp\LabsApp.csproj", "{58E4CDC0-C77C-4018-B012-7E746106CD7E}"
EndProject
Global
	GlobalSection(SolutionConfigurationPlatforms) = preSolution
		Debug|Any CPU = Debug|Any CPU
		Release|Any CPU = Release|Any CPU
	EndGlobalSection
	GlobalSection(ProjectConfigurationPlatforms) = postSolution
		{58E4CDC0-C77C-4018-B012-7E746106CD7E}.Debug|Any CPU.ActiveCfg = Debug|Any CPU
		{58E4CDC0-C77C-4018-B012-7E746106CD7E}.Debug|Any CPU.Build.0 = Debug|Any CPU
		{58E4CDC0-C77C-4018-B012-7E746106CD7E}.Release|Any CPU.ActiveCfg = Release|Any CPU
		{58E4CDC0-C77C-4018-B012-7E746106CD7E}.Release|Any CPU.Build.0 = Release|Any CPU
	EndGlobalSection
	GlobalSection(SolutionProperties) = preSolution
		HideSolutionNode = FALSE
	EndGlobalSection
	GlobalSection(ExtensibilityGlobals) = postSolution
		SolutionGuid = {C4AC4D10-0EB9-45E4-96A0-15A01A7DCA80}
	EndGlobalSection
EndGlobal
